
Microsoft Visual Studio Solution File, Format Version 12.00
# Visual Studio 2013
VisualStudioVersion = 12.0.31101.0
MinimumVisualStudioVersion = 10.0.40219.1
Project("{FAE04EC0-301F-11D3-BF4B-00C04F79EFBC}") = "Playground", "Playground.csproj", "{94BA96E7-3026-4007-BE7F-77909C0E2581}"
EndProject
Project("{9092AA53-FB77-4645-B42D-1CCCA6BD08BD}") = "NodeApp", "..\NodeApp\NodeApp.njsproj", "{76BA3FC2-D893-4CE1-9AF5-8FCF5AAFEC77}"
EndProject
Global
	GlobalSection(SolutionConfigurationPlatforms) = preSolution
		Debug|Any CPU = Debug|Any CPU
		Release|Any CPU = Release|Any CPU
	EndGlobalSection
	GlobalSection(ProjectConfigurationPlatforms) = postSolution
		{94BA96E7-3026-4007-BE7F-77909C0E2581}.Debug|Any CPU.ActiveCfg = Debug|Any CPU
		{94BA96E7-3026-4007-BE7F-77909C0E2581}.Debug|Any CPU.Build.0 = Debug|Any CPU
		{94BA96E7-3026-4007-BE7F-77909C0E2581}.Release|Any CPU.ActiveCfg = Release|Any CPU
		{94BA96E7-3026-4007-BE7F-77909C0E2581}.Release|Any CPU.Build.0 = Release|Any CPU
		{76BA3FC2-D893-4CE1-9AF5-8FCF5AAFEC77}.Debug|Any CPU.ActiveCfg = Debug|Any CPU
		{76BA3FC2-D893-4CE1-9AF5-8FCF5AAFEC77}.Debug|Any CPU.Build.0 = Debug|Any CPU
		{76BA3FC2-D893-4CE1-9AF5-8FCF5AAFEC77}.Release|Any CPU.ActiveCfg = Release|Any CPU
		{76BA3FC2-D893-4CE1-9AF5-8FCF5AAFEC77}.Release|Any CPU.Build.0 = Release|Any CPU
	EndGlobalSection
	GlobalSection(SolutionProperties) = preSolution
		HideSolutionNode = FALSE
	EndGlobalSection
EndGlobal
